
Microsoft Visual Studio Solution File, Format Version 12.00
# Visual Studio 15
VisualStudioVersion = 15.0.27428.2027
MinimumVisualStudioVersion = 10.0.40219.1
Project("{FAE04EC0-301F-11D3-BF4B-00C04F79EFBC}") = "ViewClient", "ViewClient\ViewClient.csproj", "{81F96454-67D5-4A52-8A7F-B2D3A842911A}"
EndProject
Global
	GlobalSection(SolutionConfigurationPlatforms) = preSolution
		Debug|Any CPU = Debug|Any CPU
		Release|Any CPU = Release|Any CPU
	EndGlobalSection
	GlobalSection(ProjectConfigurationPlatforms) = postSolution
		{81F96454-67D5-4A52-8A7F-B2D3A842911A}.Debug|Any CPU.ActiveCfg = Debug|Any CPU
		{81F96454-67D5-4A52-8A7F-B2D3A842911A}.Debug|Any CPU.Build.0 = Debug|Any CPU
		{81F96454-67D5-4A52-8A7F-B2D3A842911A}.Release|Any CPU.ActiveCfg = Release|Any CPU
		{81F96454-67D5-4A52-8A7F-B2D3A842911A}.Release|Any CPU.Build.0 = Release|Any CPU
	EndGlobalSection
	GlobalSection(SolutionProperties) = preSolution
		HideSolutionNode = FALSE
	EndGlobalSection
	GlobalSection(ExtensibilityGlobals) = postSolution
		SolutionGuid = {FE9A8959-339B-4216-8ABC-A2EACEDAD5D1}
	EndGlobalSection
EndGlobal
